# This file is automatically @generated by Cargo.
# It is not intended for manual editing.
version = 4

[[package]]
name = "next_contracts"
version = "0.1.0"

[[package]]
name = "next_headless"
version = "0.1.0"
dependencies = [
 "next_contracts",
 "next_runtime",
 "next_verification",
]

[[package]]
name = "next_runtime"
version = "0.1.0"
dependencies = [
 "next_contracts",
]

[[package]]
name = "next_verification"
version = "0.1.0"
dependencies = [
 "next_contracts",
]

[[package]]
name = "xtask"
version = "0.1.0"
